
Microsoft Visual Studio Solution File, Format Version 12.00
# Visual Studio Version 17
VisualStudioVersion = 17.9.34622.214
MinimumVisualStudioVersion = 10.0.40219.1
Project("{9A19103F-16F7-4668-BE54-9A1E7A4F7556}") = "BlazorWeb", "ApiRestUser\BlazorWeb.csproj", "{5B7AB6DA-3F29-469E-AEC3-D8089B2B9FD0}"
EndProject
Project("{9A19103F-16F7-4668-BE54-9A1E7A4F7556}") = "ApiCrud", "ApiCrud\ApiCrud.csproj", "{BC0B4D23-3770-4445-AB3C-ED7496CE6629}"
EndProject
Global
	GlobalSection(SolutionConfigurationPlatforms) = preSolution
		Debug|Any CPU = Debug|Any CPU
		Release|Any CPU = Release|Any CPU
	EndGlobalSection
	GlobalSection(ProjectConfigurationPlatforms) = postSolution
		{5B7AB6DA-3F29-469E-AEC3-D8089B2B9FD0}.Debug|Any CPU.ActiveCfg = Debug|Any CPU
		{5B7AB6DA-3F29-469E-AEC3-D8089B2B9FD0}.Debug|Any CPU.Build.0 = Debug|Any CPU
		{5B7AB6DA-3F29-469E-AEC3-D8089B2B9FD0}.Release|Any CPU.ActiveCfg = Release|Any CPU
		{5B7AB6DA-3F29-469E-AEC3-D8089B2B9FD0}.Release|Any CPU.Build.0 = Release|Any CPU
		{BC0B4D23-3770-4445-AB3C-ED7496CE6629}.Debug|Any CPU.ActiveCfg = Debug|Any CPU
		{BC0B4D23-3770-4445-AB3C-ED7496CE6629}.Debug|Any CPU.Build.0 = Debug|Any CPU
		{BC0B4D23-3770-4445-AB3C-ED7496CE6629}.Release|Any CPU.ActiveCfg = Release|Any CPU
		{BC0B4D23-3770-4445-AB3C-ED7496CE6629}.Release|Any CPU.Build.0 = Release|Any CPU
	EndGlobalSection
	GlobalSection(SolutionProperties) = preSolution
		HideSolutionNode = FALSE
	EndGlobalSection
	GlobalSection(ExtensibilityGlobals) = postSolution
		SolutionGuid = {106CF15E-5428-4EF4-A7C1-3BBEC86AE829}
	EndGlobalSection
EndGlobal
